
Microsoft Visual Studio Solution File, Format Version 12.00
# Visual Studio Version 16
VisualStudioVersion = 16.0.30330.147
MinimumVisualStudioVersion = 10.0.40219.1
Project("{9A19103F-16F7-4668-BE54-9A1E7A4F7556}") = "LernMomentCrawlerUI", "LernMomentCrawler\LernMomentCrawlerUI.csproj", "{C57B3012-D05C-4E0A-9CD5-A9C9275ED445}"
EndProject
Project("{2150E333-8FDC-42A3-9474-1A3956D46DE8}") = "Solution Items", "Solution Items", "{65AD5870-AF9E-4F55-9845-9E758430B4CE}"
	ProjectSection(SolutionItems) = preProject
		README.md = README.md
	EndProjectSection
EndProject
Project("{9A19103F-16F7-4668-BE54-9A1E7A4F7556}") = "FakeLernMomentServerStatic", "FakeLernMomentServerStatic\FakeLernMomentServerStatic.csproj", "{63764E03-6CA8-4F39-BD07-7F610EAEC79C}"
EndProject
Global
	GlobalSection(SolutionConfigurationPlatforms) = preSolution
		Debug|Any CPU = Debug|Any CPU
		Release|Any CPU = Release|Any CPU
	EndGlobalSection
	GlobalSection(ProjectConfigurationPlatforms) = postSolution
		{C57B3012-D05C-4E0A-9CD5-A9C9275ED445}.Debug|Any CPU.ActiveCfg = Debug|Any CPU
		{C57B3012-D05C-4E0A-9CD5-A9C9275ED445}.Debug|Any CPU.Build.0 = Debug|Any CPU
		{C57B3012-D05C-4E0A-9CD5-A9C9275ED445}.Release|Any CPU.ActiveCfg = Release|Any CPU
		{C57B3012-D05C-4E0A-9CD5-A9C9275ED445}.Release|Any CPU.Build.0 = Release|Any CPU
		{63764E03-6CA8-4F39-BD07-7F610EAEC79C}.Debug|Any CPU.ActiveCfg = Debug|Any CPU
		{63764E03-6CA8-4F39-BD07-7F610EAEC79C}.Debug|Any CPU.Build.0 = Debug|Any CPU
		{63764E03-6CA8-4F39-BD07-7F610EAEC79C}.Release|Any CPU.ActiveCfg = Release|Any CPU
		{63764E03-6CA8-4F39-BD07-7F610EAEC79C}.Release|Any CPU.Build.0 = Release|Any CPU
	EndGlobalSection
	GlobalSection(SolutionProperties) = preSolution
		HideSolutionNode = FALSE
	EndGlobalSection
	GlobalSection(ExtensibilityGlobals) = postSolution
		SolutionGuid = {DA976DD5-98A1-4274-BA67-23FE09439640}
	EndGlobalSection
EndGlobal
